
Microsoft Visual Studio Solution File, Format Version 12.00
# Visual Studio Version 17
VisualStudioVersion = 17.7.34024.191
MinimumVisualStudioVersion = 10.0.40219.1
Project("{FAE04EC0-301F-11D3-BF4B-00C04F79EFBC}") = "CRUDBooks", "CRUDBooks\CRUDBooks.csproj", "{04487ADA-6385-44A3-AB77-C67543673684}"
EndProject
Global
	GlobalSection(SolutionConfigurationPlatforms) = preSolution
		Debug|Any CPU = Debug|Any CPU
		Release|Any CPU = Release|Any CPU
	EndGlobalSection
	GlobalSection(ProjectConfigurationPlatforms) = postSolution
		{04487ADA-6385-44A3-AB77-C67543673684}.Debug|Any CPU.ActiveCfg = Debug|Any CPU
		{04487ADA-6385-44A3-AB77-C67543673684}.Debug|Any CPU.Build.0 = Debug|Any CPU
		{04487ADA-6385-44A3-AB77-C67543673684}.Release|Any CPU.ActiveCfg = Release|Any CPU
		{04487ADA-6385-44A3-AB77-C67543673684}.Release|Any CPU.Build.0 = Release|Any CPU
	EndGlobalSection
	GlobalSection(SolutionProperties) = preSolution
		HideSolutionNode = FALSE
	EndGlobalSection
	GlobalSection(ExtensibilityGlobals) = postSolution
		SolutionGuid = {E937D575-07EE-4DB7-822B-8C3D98041DB8}
	EndGlobalSection
EndGlobal
